
Microsoft Visual Studio Solution File, Format Version 12.00
# Visual Studio Version 16
VisualStudioVersion = 16.0.28516.95
MinimumVisualStudioVersion = 10.0.40219.1
Project("{FAE04EC0-301F-11D3-BF4B-00C04F79EFBC}") = "JDanielSmith.InteropServices", "JDanielSmith.InteropServices\JDanielSmith.InteropServices.csproj", "{81910ABE-89F2-4EEC-A512-EABC6FC41435}"
EndProject
Project("{2150E333-8FDC-42A3-9474-1A3956D46DE8}") = "Solution Items", "Solution Items", "{EA8C27C0-45B0-4655-8343-F4B56EABFE2A}"
	ProjectSection(SolutionItems) = preProject
		.gitignore = .gitignore
		LICENSE = LICENSE
		README.md = README.md
	EndProjectSection
EndProject
Project("{8BC9CEB8-8B4A-11D0-8D11-00A0C91BC942}") = "std_exports", "std_exports\std_exports.vcxproj", "{1811C3BC-ED31-4341-B120-207E97A8DF52}"
EndProject
Project("{8BC9CEB8-8B4A-11D0-8D11-00A0C91BC942}") = "UnitTestsCpp", "UnitTestsCpp\UnitTestsCpp.vcxproj", "{F549D155-7EFF-49F0-A982-A68B39DAB2A6}"
EndProject
Global
	GlobalSection(SolutionConfigurationPlatforms) = preSolution
		Debug|x64 = Debug|x64
		Debug|x86 = Debug|x86
		Release|x64 = Release|x64
		Release|x86 = Release|x86
	EndGlobalSection
	GlobalSection(ProjectConfigurationPlatforms) = postSolution
		{81910ABE-89F2-4EEC-A512-EABC6FC41435}.Debug|x64.ActiveCfg = Debug|x64
		{81910ABE-89F2-4EEC-A512-EABC6FC41435}.Debug|x64.Build.0 = Debug|x64
		{81910ABE-89F2-4EEC-A512-EABC6FC41435}.Debug|x86.ActiveCfg = Debug|x86
		{81910ABE-89F2-4EEC-A512-EABC6FC41435}.Debug|x86.Build.0 = Debug|x86
		{81910ABE-89F2-4EEC-A512-EABC6FC41435}.Release|x64.ActiveCfg = Release|x64
		{81910ABE-89F2-4EEC-A512-EABC6FC41435}.Release|x64.Build.0 = Release|x64
		{81910ABE-89F2-4EEC-A512-EABC6FC41435}.Release|x86.ActiveCfg = Release|x86
		{81910ABE-89F2-4EEC-A512-EABC6FC41435}.Release|x86.Build.0 = Release|x86
		{1811C3BC-ED31-4341-B120-207E97A8DF52}.Debug|x64.ActiveCfg = Debug|x64
		{1811C3BC-ED31-4341-B120-207E97A8DF52}.Debug|x64.Build.0 = Debug|x64
		{1811C3BC-ED31-4341-B120-207E97A8DF52}.Debug|x86.ActiveCfg = Debug|Win32
		{1811C3BC-ED31-4341-B120-207E97A8DF52}.Debug|x86.Build.0 = Debug|Win32
		{1811C3BC-ED31-4341-B120-207E97A8DF52}.Release|x64.ActiveCfg = Release|x64
		{1811C3BC-ED31-4341-B120-207E97A8DF52}.Release|x64.Build.0 = Release|x64
		{1811C3BC-ED31-4341-B120-207E97A8DF52}.Release|x86.ActiveCfg = Release|Win32
		{1811C3BC-ED31-4341-B120-207E97A8DF52}.Release|x86.Build.0 = Release|Win32
		{F549D155-7EFF-49F0-A982-A68B39DAB2A6}.Debug|x64.ActiveCfg = Debug|x64
		{F549D155-7EFF-49F0-A982-A68B39DAB2A6}.Debug|x64.Build.0 = Debug|x64
		{F549D155-7EFF-49F0-A982-A68B39DAB2A6}.Debug|x86.ActiveCfg = Debug|Win32
		{F549D155-7EFF-49F0-A982-A68B39DAB2A6}.Debug|x86.Build.0 = Debug|Win32
		{F549D155-7EFF-49F0-A982-A68B39DAB2A6}.Release|x64.ActiveCfg = Release|x64
		{F549D155-7EFF-49F0-A982-A68B39DAB2A6}.Release|x64.Build.0 = Release|x64
		{F549D155-7EFF-49F0-A982-A68B39DAB2A6}.Release|x86.ActiveCfg = Release|Win32
		{F549D155-7EFF-49F0-A982-A68B39DAB2A6}.Release|x86.Build.0 = Release|Win32
	EndGlobalSection
	GlobalSection(SolutionProperties) = preSolution
		HideSolutionNode = FALSE
	EndGlobalSection
	GlobalSection(ExtensibilityGlobals) = postSolution
		SolutionGuid = {9D6928F4-D481-4F5D-939E-F5D496F083A4}
	EndGlobalSection
EndGlobal
